
Microsoft Visual Studio Solution File, Format Version 12.00
# Visual Studio 15
Project("{FAE04EC0-301F-11D3-BF4B-00C04F79EFBC}") = "WebAPI", "WebAPI\WebAPI.csproj", "{C5B04AA6-8F4F-48F9-A69C-F5FF1B7E2665}"
EndProject
Project("{FAE04EC0-301F-11D3-BF4B-00C04F79EFBC}") = "xUnitTest", "xUnitTest\xUnitTest.csproj", "{7DF0862B-F9D2-4E2A-8105-3C027CC4FEA9}"
EndProject
Global
	GlobalSection(SolutionConfigurationPlatforms) = preSolution
		Debug|Any CPU = Debug|Any CPU
		Release|Any CPU = Release|Any CPU
	EndGlobalSection
	GlobalSection(ProjectConfigurationPlatforms) = postSolution
		{C5B04AA6-8F4F-48F9-A69C-F5FF1B7E2665}.Debug|Any CPU.ActiveCfg = Debug|Any CPU
		{C5B04AA6-8F4F-48F9-A69C-F5FF1B7E2665}.Debug|Any CPU.Build.0 = Debug|Any CPU
		{C5B04AA6-8F4F-48F9-A69C-F5FF1B7E2665}.Release|Any CPU.ActiveCfg = Release|Any CPU
		{C5B04AA6-8F4F-48F9-A69C-F5FF1B7E2665}.Release|Any CPU.Build.0 = Release|Any CPU
		{7DF0862B-F9D2-4E2A-8105-3C027CC4FEA9}.Debug|Any CPU.ActiveCfg = Debug|Any CPU
		{7DF0862B-F9D2-4E2A-8105-3C027CC4FEA9}.Debug|Any CPU.Build.0 = Debug|Any CPU
		{7DF0862B-F9D2-4E2A-8105-3C027CC4FEA9}.Release|Any CPU.ActiveCfg = Release|Any CPU
		{7DF0862B-F9D2-4E2A-8105-3C027CC4FEA9}.Release|Any CPU.Build.0 = Release|Any CPU
	EndGlobalSection
EndGlobal
